
Microsoft Visual Studio Solution File, Format Version 12.00
# Visual Studio 15
Project("{FAE04EC0-301F-11D3-BF4B-00C04F79EFBC}") = "PhotonQuantum", "PhotonQuantum.csproj", "{67F9A6D8-A5F1-9706-5C7E-8F9B8992A816}"
EndProject
Project("{FAE04EC0-301F-11D3-BF4B-00C04F79EFBC}") = "Assembly-CSharp", "Assembly-CSharp.csproj", "{A36BBF17-789B-F2F1-D52F-9ED1A90E7DD1}"
EndProject
Project("{FAE04EC0-301F-11D3-BF4B-00C04F79EFBC}") = "PhotonRealtime", "PhotonRealtime.csproj", "{ED3D0646-9874-97E5-4ABC-1B34BAC31FF7}"
EndProject
Project("{FAE04EC0-301F-11D3-BF4B-00C04F79EFBC}") = "Fusion.Addressables", "Fusion.Addressables.csproj", "{B9F8656A-B1F6-502C-7A3F-60583F9C6EFD}"
EndProject
Project("{FAE04EC0-301F-11D3-BF4B-00C04F79EFBC}") = "PhotonQuantumEditor", "PhotonQuantumEditor.csproj", "{A82B2C39-CB45-25FD-2415-1792DD9FBF1B}"
EndProject
Project("{FAE04EC0-301F-11D3-BF4B-00C04F79EFBC}") = "Unity.Fusion.CodeGen", "Unity.Fusion.CodeGen.csproj", "{A2DBA1EE-D179-B49A-26A7-BB18427890C4}"
EndProject
Project("{FAE04EC0-301F-11D3-BF4B-00C04F79EFBC}") = "Fusion.Editor", "Fusion.Editor.csproj", "{3234E2CB-7E20-2581-0C64-6B111F920690}"
EndProject
Project("{FAE04EC0-301F-11D3-BF4B-00C04F79EFBC}") = "Assembly-CSharp-Editor", "Assembly-CSharp-Editor.csproj", "{7A77C15D-0C8F-6941-E68F-20CE74963ECD}"
EndProject
Global
	GlobalSection(SolutionConfigurationPlatforms) = preSolution
		Debug|Any CPU = Debug|Any CPU
		Release|Any CPU = Release|Any CPU
	EndGlobalSection
	GlobalSection(ProjectConfigurationPlatforms) = postSolution
		{67F9A6D8-A5F1-9706-5C7E-8F9B8992A816}.Debug|Any CPU.ActiveCfg = Debug|Any CPU
		{67F9A6D8-A5F1-9706-5C7E-8F9B8992A816}.Debug|Any CPU.Build.0 = Debug|Any CPU
		{67F9A6D8-A5F1-9706-5C7E-8F9B8992A816}.Release|Any CPU.ActiveCfg = Release|Any CPU
		{67F9A6D8-A5F1-9706-5C7E-8F9B8992A816}.Release|Any CPU.Build.0 = Release|Any CPU
		{A36BBF17-789B-F2F1-D52F-9ED1A90E7DD1}.Debug|Any CPU.ActiveCfg = Debug|Any CPU
		{A36BBF17-789B-F2F1-D52F-9ED1A90E7DD1}.Debug|Any CPU.Build.0 = Debug|Any CPU
		{A36BBF17-789B-F2F1-D52F-9ED1A90E7DD1}.Release|Any CPU.ActiveCfg = Release|Any CPU
		{A36BBF17-789B-F2F1-D52F-9ED1A90E7DD1}.Release|Any CPU.Build.0 = Release|Any CPU
		{ED3D0646-9874-97E5-4ABC-1B34BAC31FF7}.Debug|Any CPU.ActiveCfg = Debug|Any CPU
		{ED3D0646-9874-97E5-4ABC-1B34BAC31FF7}.Debug|Any CPU.Build.0 = Debug|Any CPU
		{ED3D0646-9874-97E5-4ABC-1B34BAC31FF7}.Release|Any CPU.ActiveCfg = Release|Any CPU
		{ED3D0646-9874-97E5-4ABC-1B34BAC31FF7}.Release|Any CPU.Build.0 = Release|Any CPU
		{B9F8656A-B1F6-502C-7A3F-60583F9C6EFD}.Debug|Any CPU.ActiveCfg = Debug|Any CPU
		{B9F8656A-B1F6-502C-7A3F-60583F9C6EFD}.Debug|Any CPU.Build.0 = Debug|Any CPU
		{B9F8656A-B1F6-502C-7A3F-60583F9C6EFD}.Release|Any CPU.ActiveCfg = Release|Any CPU
		{B9F8656A-B1F6-502C-7A3F-60583F9C6EFD}.Release|Any CPU.Build.0 = Release|Any CPU
		{A82B2C39-CB45-25FD-2415-1792DD9FBF1B}.Debug|Any CPU.ActiveCfg = Debug|Any CPU
		{A82B2C39-CB45-25FD-2415-1792DD9FBF1B}.Debug|Any CPU.Build.0 = Debug|Any CPU
		{A82B2C39-CB45-25FD-2415-1792DD9FBF1B}.Release|Any CPU.ActiveCfg = Release|Any CPU
		{A82B2C39-CB45-25FD-2415-1792DD9FBF1B}.Release|Any CPU.Build.0 = Release|Any CPU
		{A2DBA1EE-D179-B49A-26A7-BB18427890C4}.Debug|Any CPU.ActiveCfg = Debug|Any CPU
		{A2DBA1EE-D179-B49A-26A7-BB18427890C4}.Debug|Any CPU.Build.0 = Debug|Any CPU
		{A2DBA1EE-D179-B49A-26A7-BB18427890C4}.Release|Any CPU.ActiveCfg = Release|Any CPU
		{A2DBA1EE-D179-B49A-26A7-BB18427890C4}.Release|Any CPU.Build.0 = Release|Any CPU
		{3234E2CB-7E20-2581-0C64-6B111F920690}.Debug|Any CPU.ActiveCfg = Debug|Any CPU
		{3234E2CB-7E20-2581-0C64-6B111F920690}.Debug|Any CPU.Build.0 = Debug|Any CPU
		{3234E2CB-7E20-2581-0C64-6B111F920690}.Release|Any CPU.ActiveCfg = Release|Any CPU
		{3234E2CB-7E20-2581-0C64-6B111F920690}.Release|Any CPU.Build.0 = Release|Any CPU
		{7A77C15D-0C8F-6941-E68F-20CE74963ECD}.Debug|Any CPU.ActiveCfg = Debug|Any CPU
		{7A77C15D-0C8F-6941-E68F-20CE74963ECD}.Debug|Any CPU.Build.0 = Debug|Any CPU
		{7A77C15D-0C8F-6941-E68F-20CE74963ECD}.Release|Any CPU.ActiveCfg = Release|Any CPU
		{7A77C15D-0C8F-6941-E68F-20CE74963ECD}.Release|Any CPU.Build.0 = Release|Any CPU
	EndGlobalSection
	GlobalSection(SolutionProperties) = preSolution
		HideSolutionNode = FALSE
	EndGlobalSection
EndGlobal
